
Microsoft Visual Studio Solution File, Format Version 12.00
# Visual Studio 15
Project("{FAE04EC0-301F-11D3-BF4B-00C04F79EFBC}") = "RazorPagesMovie", "RazorPagesMovie.csproj", "{3BFE21CD-AE88-43C4-9194-79036C9234E7}"
EndProject
Global
	GlobalSection(SolutionConfigurationPlatforms) = preSolution
		Debug|Any CPU = Debug|Any CPU
		Release|Any CPU = Release|Any CPU
	EndGlobalSection
	GlobalSection(ProjectConfigurationPlatforms) = postSolution
		{3BFE21CD-AE88-43C4-9194-79036C9234E7}.Debug|Any CPU.ActiveCfg = Debug|Any CPU
		{3BFE21CD-AE88-43C4-9194-79036C9234E7}.Debug|Any CPU.Build.0 = Debug|Any CPU
		{3BFE21CD-AE88-43C4-9194-79036C9234E7}.Release|Any CPU.ActiveCfg = Release|Any CPU
		{3BFE21CD-AE88-43C4-9194-79036C9234E7}.Release|Any CPU.Build.0 = Release|Any CPU
	EndGlobalSection
EndGlobal
